// !$*UTF8*$!
{
	archiveVersion = 1;
	classes = {
	};
	objectVersion = 55;
	objects = {

/* Begin PBXBuildFile section */
		9882EB292867598800BBEB49 /* AppDelegate.swift in Sources */ = {isa = PBXBuildFile; fileRef = 9882EB282867598800BBEB49 /* AppDelegate.swift */; };
		9882EB2B2867598800BBEB49 /* SceneDelegate.swift in Sources */ = {isa = PBXBuildFile; fileRef = 9882EB2A2867598800BBEB49 /* SceneDelegate.swift */; };
		9882EB2D2867598800BBEB49 /* ViewController.swift in Sources */ = {isa = PBXBuildFile; fileRef = 9882EB2C2867598800BBEB49 /* ViewController.swift */; };
		9882EB302867598800BBEB49 /* Main.storyboard in Resources */ = {isa = PBXBuildFile; fileRef = 9882EB2E2867598800BBEB49 /* Main.storyboard */; };
		9882EB322867599F00BBEB49 /* Assets.xcassets in Resources */ = {isa = PBXBuildFile; fileRef = 9882EB312867599F00BBEB49 /* Assets.xcassets */; };
		9882EB352867599F00BBEB49 /* LaunchScreen.storyboard in Resources */ = {isa = PBXBuildFile; fileRef = 9882EB332867599F00BBEB49 /* LaunchScreen.storyboard */; };
		9882EB40286759A100BBEB49 /* ProjectImageSelectTests.swift in Sources */ = {isa = PBXBuildFile; fileRef = 9882EB3F286759A100BBEB49 /* ProjectImageSelectTests.swift */; };
		9882EB4A286759A100BBEB49 /* ProjectImageSelectUITests.swift in Sources */ = {isa = PBXBuildFile; fileRef = 9882EB49286759A100BBEB49 /* ProjectImageSelectUITests.swift */; };
		9882EB4C286759A100BBEB49 /* ProjectImageSelectUITestsLaunchTests.swift in Sources */ = {isa = PBXBuildFile; fileRef = 9882EB4B286759A100BBEB49 /* ProjectImageSelectUITestsLaunchTests.swift */; };
/* End PBXBuildFile section */

/* Begin PBXContainerItemProxy section */
		9882EB3C286759A100BBEB49 /* PBXContainerItemProxy */ = {
			isa = PBXContainerItemProxy;
			containerPortal = 9882EB1D2867598700BBEB49 /* Project object */;
			proxyType = 1;
			remoteGlobalIDString = 9882EB242867598800BBEB49;
			remoteInfo = ProjectImageSelect;
		};
		9882EB46286759A100BBEB49 /* PBXContainerItemProxy */ = {
			isa = PBXContainerItemProxy;
			containerPortal = 9882EB1D2867598700BBEB49 /* Project object */;
			proxyType = 1;
			remoteGlobalIDString = 9882EB242867598800BBEB49;
			remoteInfo = ProjectImageSelect;
		};
/* End PBXContainerItemProxy section */

/* Begin PBXFileReference section */
		9882EB252867598800BBEB49 /* ProjectImageSelect.app */ = {isa = PBXFileReference; explicitFileType = wrapper.application; includeInIndex = 0; path = ProjectImageSelect.app; sourceTree = BUILT_PRODUCTS_DIR; };
		9882EB282867598800BBEB49 /* AppDelegate.swift */ = {isa = PBXFileReference; lastKnownFileType = sourcecode.swift; path = AppDelegate.swift; sourceTree = "<group>"; };
		9882EB2A2867598800BBEB49 /* SceneDelegate.swift */ = {isa = PBXFileReference; lastKnownFileType = sourcecode.swift; path = SceneDelegate.swift; sourceTree = "<group>"; };
		9882EB2C2867598800BBEB49 /* ViewController.swift */ = {isa = PBXFileReference; lastKnownFileType = sourcecode.swift; path = ViewController.swift; sourceTree = "<group>"; };
		9882EB2F2867598800BBEB49 /* Base */ = {isa = PBXFileReference; lastKnownFileType = file.storyboard; name = Base; path = Base.lproj/Main.storyboard; sourceTree = "<group>"; };
		9882EB312867599F00BBEB49 /* Assets.xcassets */ = {isa = PBXFileReference; lastKnownFileType = folder.assetcatalog; path = Assets.xcassets; sourceTree = "<group>"; };
		9882EB342867599F00BBEB49 /* Base */ = {isa = PBXFileReference; lastKnownFileType = file.storyboard; name = Base; path = Base.lproj/LaunchScreen.storyboard; sourceTree = "<group>"; };
		9882EB362867599F00BBEB49 /* Info.plist */ = {isa = PBXFileReference; lastKnownFileType = text.plist.xml; path = Info.plist; sourceTree = "<group>"; };
		9882EB3B286759A100BBEB49 /* ProjectImageSelectTests.xctest */ = {isa = PBXFileReference; explicitFileType = wrapper.cfbundle; includeInIndex = 0; path = ProjectImageSelectTests.xctest; sourceTree = BUILT_PRODUCTS_DIR; };
		9882EB3F286759A100BBEB49 /* ProjectImageSelectTests.swift */ = {isa = PBXFileReference; lastKnownFileType = sourcecode.swift; path = ProjectImageSelectTests.swift; sourceTree = "<group>"; };
		9882EB45286759A100BBEB49 /* ProjectImageSelectUITests.xctest */ = {isa = PBXFileReference; explicitFileType = wrapper.cfbundle; includeInIndex = 0; path = ProjectImageSelectUITests.xctest; sourceTree = BUILT_PRODUCTS_DIR; };
		9882EB49286759A100BBEB49 /* ProjectImageSelectUITests.swift */ = {isa = PBXFileReference; lastKnownFileType = sourcecode.swift; path = ProjectImageSelectUITests.swift; sourceTree = "<group>"; };
		9882EB4B286759A100BBEB49 /* ProjectImageSelectUITestsLaunchTests.swift */ = {isa = PBXFileReference; lastKnownFileType = sourcecode.swift; path = ProjectImageSelectUITestsLaunchTests.swift; sourceTree = "<group>"; };
/* End PBXFileReference section */

/* Begin PBXFrameworksBuildPhase section */
		9882EB222867598800BBEB49 /* Frameworks */ = {
			isa = PBXFrameworksBuildPhase;
			buildActionMask = 2147483647;
			files = (
			);
			runOnlyForDeploymentPostprocessing = 0;
		};
		9882EB38286759A100BBEB49 /* Frameworks */ = {
			isa = PBXFrameworksBuildPhase;
			buildActionMask = 2147483647;
			files = (
			);
			runOnlyForDeploymentPostprocessing = 0;
		};
		9882EB42286759A100BBEB49 /* Frameworks */ = {
			isa = PBXFrameworksBuildPhase;
			buildActionMask = 2147483647;
			files = (
			);
			runOnlyForDeploymentPostprocessing = 0;
		};
/* End PBXFrameworksBuildPhase section */

/* Begin PBXGroup section */
		9882EB1C2867598700BBEB49 = {
			isa = PBXGroup;
			children = (
				9882EB272867598800BBEB49 /* ProjectImageSelect */,
				9882EB3E286759A100BBEB49 /* ProjectImageSelectTests */,
				9882EB48286759A100BBEB49 /* ProjectImageSelectUITests */,
				9882EB262867598800BBEB49 /* Products */,
			);
			sourceTree = "<group>";
		};
		9882EB262867598800BBEB49 /* Products */ = {
			isa = PBXGroup;
			children = (
				9882EB252867598800BBEB49 /* ProjectImageSelect.app */,
				9882EB3B286759A100BBEB49 /* ProjectImageSelectTests.xctest */,
				9882EB45286759A100BBEB49 /* ProjectImageSelectUITests.xctest */,
			);
			name = Products;
			sourceTree = "<group>";
		};
		9882EB272867598800BBEB49 /* ProjectImageSelect */ = {
			isa = PBXGroup;
			children = (
				9882EB282867598800BBEB49 /* AppDelegate.swift */,
				9882EB2A2867598800BBEB49 /* SceneDelegate.swift */,
				9882EB2C2867598800BBEB49 /* ViewController.swift */,
				9882EB2E2867598800BBEB49 /* Main.storyboard */,
				9882EB312867599F00BBEB49 /* Assets.xcassets */,
				9882EB332867599F00BBEB49 /* LaunchScreen.storyboard */,
				9882EB362867599F00BBEB49 /* Info.plist */,
			);
			path = ProjectImageSelect;
			sourceTree = "<group>";
		};
		9882EB3E286759A100BBEB49 /* ProjectImageSelectTests */ = {
			isa = PBXGroup;
			children = (
				9882EB3F286759A100BBEB49 /* ProjectImageSelectTests.swift */,
			);
			path = ProjectImageSelectTests;
			sourceTree = "<group>";
		};
		9882EB48286759A100BBEB49 /* ProjectImageSelectUITests */ = {
			isa = PBXGroup;
			children = (
				9882EB49286759A100BBEB49 /* ProjectImageSelectUITests.swift */,
				9882EB4B286759A100BBEB49 /* ProjectImageSelectUITestsLaunchTests.swift */,
			);
			path = ProjectImageSelectUITests;
			sourceTree = "<group>";
		};
/* End PBXGroup section */

/* Begin PBXNativeTarget section */
		9882EB242867598800BBEB49 /* ProjectImageSelect */ = {
			isa = PBXNativeTarget;
			buildConfigurationList = 9882EB4F286759A100BBEB49 /* Build configuration list for PBXNativeTarget "ProjectImageSelect" */;
			buildPhases = (
				9882EB212867598800BBEB49 /* Sources */,
				9882EB222867598800BBEB49 /* Frameworks */,
				9882EB232867598800BBEB49 /* Resources */,
			);
			buildRules = (
			);
			dependencies = (
			);
			name = ProjectImageSelect;
			productName = ProjectImageSelect;
			productReference = 9882EB252867598800BBEB49 /* ProjectImageSelect.app */;
			productType = "com.apple.product-type.application";
		};
		9882EB3A286759A100BBEB49 /* ProjectImageSelectTests */ = {
			isa = PBXNativeTarget;
			buildConfigurationList = 9882EB52286759A100BBEB49 /* Build configuration list for PBXNativeTarget "ProjectImageSelectTests" */;
			buildPhases = (
				9882EB37286759A100BBEB49 /* Sources */,
				9882EB38286759A100BBEB49 /* Frameworks */,
				9882EB39286759A100BBEB49 /* Resources */,
			);
			buildRules = (
			);
			dependencies = (
				9882EB3D286759A100BBEB49 /* PBXTargetDependency */,
			);
			name = ProjectImageSelectTests;
			productName = ProjectImageSelectTests;
			productReference = 9882EB3B286759A100BBEB49 /* ProjectImageSelectTests.xctest */;
			productType = "com.apple.product-type.bundle.unit-test";
		};
		9882EB44286759A100BBEB49 /* ProjectImageSelectUITests */ = {
			isa = PBXNativeTarget;
			buildConfigurationList = 9882EB55286759A100BBEB49 /* Build configuration list for PBXNativeTarget "ProjectImageSelectUITests" */;
			buildPhases = (
				9882EB41286759A100BBEB49 /* Sources */,
				9882EB42286759A100BBEB49 /* Frameworks */,
				9882EB43286759A100BBEB49 /* Resources */,
			);
			buildRules = (
			);
			dependencies = (
				9882EB47286759A100BBEB49 /* PBXTargetDependency */,
			);
			name = ProjectImageSelectUITests;
			productName = ProjectImageSelectUITests;
			productReference = 9882EB45286759A100BBEB49 /* ProjectImageSelectUITests.xctest */;
			productType = "com.apple.product-type.bundle.ui-testing";
		};
/* End PBXNativeTarget section */

/* Begin PBXProject section */
		9882EB1D2867598700BBEB49 /* Project object */ = {
			isa = PBXProject;
			attributes = {
				BuildIndependentTargetsInParallel = 1;
				LastSwiftUpdateCheck = 1340;
				LastUpgradeCheck = 1340;
				TargetAttributes = {
					9882EB242867598800BBEB49 = {
						CreatedOnToolsVersion = 13.4.1;
					};
					9882EB3A286759A100BBEB49 = {
						CreatedOnToolsVersion = 13.4.1;
						TestTargetID = 9882EB242867598800BBEB49;
					};
					9882EB44286759A100BBEB49 = {
						CreatedOnToolsVersion = 13.4.1;
						TestTargetID = 9882EB242867598800BBEB49;
					};
				};
			};
			buildConfigurationList = 9882EB202867598700BBEB49 /* Build configuration list for PBXProject "ProjectImageSelect" */;
			compatibilityVersion = "Xcode 13.0";
			developmentRegion = en;
			hasScannedForEncodings = 0;
			knownRegions = (
				en,
				Base,
			);
			mainGroup = 9882EB1C2867598700BBEB49;
			productRefGroup = 9882EB262867598800BBEB49 /* Products */;
			projectDirPath = "";
			projectRoot = "";
			targets = (
				9882EB242867598800BBEB49 /* ProjectImageSelect */,
				9882EB3A286759A100BBEB49 /* ProjectImageSelectTests */,
				9882EB44286759A100BBEB49 /* ProjectImageSelectUITests */,
			);
		};
/* End PBXProject section */

/* Begin PBXResourcesBuildPhase section */
		9882EB232867598800BBEB49 /* Resources */ = {
			isa = PBXResourcesBuildPhase;
			buildActionMask = 2147483647;
			files = (
				9882EB352867599F00BBEB49 /* LaunchScreen.storyboard in Resources */,
				9882EB322867599F00BBEB49 /* Assets.xcassets in Resources */,
				9882EB302867598800BBEB49 /* Main.storyboard in Resources */,
			);
			runOnlyForDeploymentPostprocessing = 0;
		};
		9882EB39286759A100BBEB49 /* Resources */ = {
			isa = PBXResourcesBuildPhase;
			buildActionMask = 2147483647;
			files = (
			);
			runOnlyForDeploymentPostprocessing = 0;
		};
		9882EB43286759A100BBEB49 /* Resources */ = {
			isa = PBXResourcesBuildPhase;
			buildActionMask = 2147483647;
			files = (
			);
			runOnlyForDeploymentPostprocessing = 0;
		};
/* End PBXResourcesBuildPhase section */

/* Begin PBXSourcesBuildPhase section */
		9882EB212867598800BBEB49 /* Sources */ = {
			isa = PBXSourcesBuildPhase;
			buildActionMask = 2147483647;
			files = (
				9882EB2D2867598800BBEB49 /* ViewController.swift in Sources */,
				9882EB292867598800BBEB49 /* AppDelegate.swift in Sources */,
				9882EB2B2867598800BBEB49 /* SceneDelegate.swift in Sources */,
			);
			runOnlyForDeploymentPostprocessing = 0;
		};
		9882EB37286759A100BBEB49 /* Sources */ = {
			isa = PBXSourcesBuildPhase;
			buildActionMask = 2147483647;
			files = (
				9882EB40286759A100BBEB49 /* ProjectImageSelectTests.swift in Sources */,
			);
			runOnlyForDeploymentPostprocessing = 0;
		};
		9882EB41286759A100BBEB49 /* Sources */ = {
			isa = PBXSourcesBuildPhase;
			buildActionMask = 2147483647;
			files = (
				9882EB4C286759A100BBEB49 /* ProjectImageSelectUITestsLaunchTests.swift in Sources */,
				9882EB4A286759A100BBEB49 /* ProjectImageSelectUITests.swift in Sources */,
			);
			runOnlyForDeploymentPostprocessing = 0;
		};
/* End PBXSourcesBuildPhase section */

/* Begin PBXTargetDependency section */
		9882EB3D286759A100BBEB49 /* PBXTargetDependency */ = {
			isa = PBXTargetDependency;
			target = 9882EB242867598800BBEB49 /* ProjectImageSelect */;
			targetProxy = 9882EB3C286759A100BBEB49 /* PBXContainerItemProxy */;
		};
		9882EB47286759A100BBEB49 /* PBXTargetDependency */ = {
			isa = PBXTargetDependency;
			target = 9882EB242867598800BBEB49 /* ProjectImageSelect */;
			targetProxy = 9882EB46286759A100BBEB49 /* PBXContainerItemProxy */;
		};
/* End PBXTargetDependency section */

/* Begin PBXVariantGroup section */
		9882EB2E2867598800BBEB49 /* Main.storyboard */ = {
			isa = PBXVariantGroup;
			children = (
				9882EB2F2867598800BBEB49 /* Base */,
			);
			name = Main.storyboard;
			sourceTree = "<group>";
		};
		9882EB332867599F00BBEB49 /* LaunchScreen.storyboard */ = {
			isa = PBXVariantGroup;
			children = (
				9882EB342867599F00BBEB49 /* Base */,
			);
			name = LaunchScreen.storyboard;
			sourceTree = "<group>";
		};
/* End PBXVariantGroup section */

/* Begin XCBuildConfiguration section */
		9882EB4D286759A100BBEB49 /* Debug */ = {
			isa = XCBuildConfiguration;
			buildSettings = {
				ALWAYS_SEARCH_USER_PATHS = NO;
				CLANG_ANALYZER_NONNULL = YES;
				CLANG_ANALYZER_NUMBER_OBJECT_CONVERSION = YES_AGGRESSIVE;
				CLANG_CXX_LANGUAGE_STANDARD = "gnu++17";
				CLANG_ENABLE_MODULES = YES;
				CLANG_ENABLE_OBJC_ARC = YES;
				CLANG_ENABLE_OBJC_WEAK = YES;
				CLANG_WARN_BLOCK_CAPTURE_AUTORELEASING = YES;
				CLANG_WARN_BOOL_CONVERSION = YES;
				CLANG_WARN_COMMA = YES;
				CLANG_WARN_CONSTANT_CONVERSION = YES;
				CLANG_WARN_DEPRECATED_OBJC_IMPLEMENTATIONS = YES;
				CLANG_WARN_DIRECT_OBJC_ISA_USAGE = YES_ERROR;
				CLANG_WARN_DOCUMENTATION_COMMENTS = YES;
				CLANG_WARN_EMPTY_BODY = YES;
				CLANG_WARN_ENUM_CONVERSION = YES;
				CLANG_WARN_INFINITE_RECURSION = YES;
				CLANG_WARN_INT_CONVERSION = YES;
				CLANG_WARN_NON_LITERAL_NULL_CONVERSION = YES;
				CLANG_WARN_OBJC_IMPLICIT_RETAIN_SELF = YES;
				CLANG_WARN_OBJC_LITERAL_CONVERSION = YES;
				CLANG_WARN_OBJC_ROOT_CLASS = YES_ERROR;
				CLANG_WARN_QUOTED_INCLUDE_IN_FRAMEWORK_HEADER = YES;
				CLANG_WARN_RANGE_LOOP_ANALYSIS = YES;
				CLANG_WARN_STRICT_PROTOTYPES = YES;
				CLANG_WARN_SUSPICIOUS_MOVE = YES;
				CLANG_WARN_UNGUARDED_AVAILABILITY = YES_AGGRESSIVE;
				CLANG_WARN_UNREACHABLE_CODE = YES;
				CLANG_WARN__DUPLICATE_METHOD_MATCH = YES;
				COPY_PHASE_STRIP = NO;
				DEBUG_INFORMATION_FORMAT = dwarf;
				ENABLE_STRICT_OBJC_MSGSEND = YES;
				ENABLE_TESTABILITY = YES;
				GCC_C_LANGUAGE_STANDARD = gnu11;
				GCC_DYNAMIC_NO_PIC = NO;
				GCC_NO_COMMON_BLOCKS = YES;
				GCC_OPTIMIZATION_LEVEL = 0;
				GCC_PREPROCESSOR_DEFINITIONS = (
					"DEBUG=1",
					"$(inherited)",
				);
				GCC_WARN_64_TO_32_BIT_CONVERSION = YES;
				GCC_WARN_ABOUT_RETURN_TYPE = YES_ERROR;
				GCC_WARN_UNDECLARED_SELECTOR = YES;
				GCC_WARN_UNINITIALIZED_AUTOS = YES_AGGRESSIVE;
				GCC_WARN_UNUSED_FUNCTION = YES;
				GCC_WARN_UNUSED_VARIABLE = YES;
				IPHONEOS_DEPLOYMENT_TARGET = 15.5;
				MTL_ENABLE_DEBUG_INFO = INCLUDE_SOURCE;
				MTL_FAST_MATH = YES;
				ONLY_ACTIVE_ARCH = YES;
				SDKROOT = iphoneos;
				SWIFT_ACTIVE_COMPILATION_CONDITIONS = DEBUG;
				SWIFT_OPTIMIZATION_LEVEL = "-Onone";
			};
			name = Debug;
		};
		9882EB4E286759A100BBEB49 /* Release */ = {
			isa = XCBuildConfiguration;
			buildSettings = {
				ALWAYS_SEARCH_USER_PATHS = NO;
				CLANG_ANALYZER_NONNULL = YES;
				CLANG_ANALYZER_NUMBER_OBJECT_CONVERSION = YES_AGGRESSIVE;
				CLANG_CXX_LANGUAGE_STANDARD = "gnu++17";
				CLANG_ENABLE_MODULES = YES;
				CLANG_ENABLE_OBJC_ARC = YES;
				CLANG_ENABLE_OBJC_WEAK = YES;
				CLANG_WARN_BLOCK_CAPTURE_AUTORELEASING = YES;
				CLANG_WARN_BOOL_CONVERSION = YES;
				CLANG_WARN_COMMA = YES;
				CLANG_WARN_CONSTANT_CONVERSION = YES;
				CLANG_WARN_DEPRECATED_OBJC_IMPLEMENTATIONS = YES;
				CLANG_WARN_DIRECT_OBJC_ISA_USAGE = YES_ERROR;
				CLANG_WARN_DOCUMENTATION_COMMENTS = YES;
				CLANG_WARN_EMPTY_BODY = YES;
				CLANG_WARN_ENUM_CONVERSION = YES;
				CLANG_WARN_INFINITE_RECURSION = YES;
				CLANG_WARN_INT_CONVERSION = YES;
				CLANG_WARN_NON_LITERAL_NULL_CONVERSION = YES;
				CLANG_WARN_OBJC_IMPLICIT_RETAIN_SELF = YES;
				CLANG_WARN_OBJC_LITERAL_CONVERSION = YES;
				CLANG_WARN_OBJC_ROOT_CLASS = YES_ERROR;
				CLANG_WARN_QUOTED_INCLUDE_IN_FRAMEWORK_HEADER = YES;
				CLANG_WARN_RANGE_LOOP_ANALYSIS = YES;
				CLANG_WARN_STRICT_PROTOTYPES = YES;
				CLANG_WARN_SUSPICIOUS_MOVE = YES;
				CLANG_WARN_UNGUARDED_AVAILABILITY = YES_AGGRESSIVE;
				CLANG_WARN_UNREACHABLE_CODE = YES;
				CLANG_WARN__DUPLICATE_METHOD_MATCH = YES;
				COPY_PHASE_STRIP = NO;
				DEBUG_INFORMATION_FORMAT = "dwarf-with-dsym";
				ENABLE_NS_ASSERTIONS = NO;
				ENABLE_STRICT_OBJC_MSGSEND = YES;
				GCC_C_LANGUAGE_STANDARD = gnu11;
				GCC_NO_COMMON_BLOCKS = YES;
				GCC_WARN_64_TO_32_BIT_CONVERSION = YES;
				GCC_WARN_ABOUT_RETURN_TYPE = YES_ERROR;
				GCC_WARN_UNDECLARED_SELECTOR = YES;
				GCC_WARN_UNINITIALIZED_AUTOS = YES_AGGRESSIVE;
				GCC_WARN_UNUSED_FUNCTION = YES;
				GCC_WARN_UNUSED_VARIABLE = YES;
				IPHONEOS_DEPLOYMENT_TARGET = 15.5;
				MTL_ENABLE_DEBUG_INFO = NO;
				MTL_FAST_MATH = YES;
				SDKROOT = iphoneos;
				SWIFT_COMPILATION_MODE = wholemodule;
				SWIFT_OPTIMIZATION_LEVEL = "-O";
				VALIDATE_PRODUCT = YES;
			};
			name = Release;
		};
		9882EB50286759A100BBEB49 /* Debug */ = {
			isa = XCBuildConfiguration;
			buildSettings = {
				ASSETCATALOG_COMPILER_APPICON_NAME = AppIcon;
				ASSETCATALOG_COMPILER_GLOBAL_ACCENT_COLOR_NAME = AccentColor;
				CODE_SIGN_STYLE = Automatic;
				CURRENT_PROJECT_VERSION = 1;
				DEVELOPMENT_TEAM = RUTLL58S2M;
				GENERATE_INFOPLIST_FILE = YES;
				INFOPLIST_FILE = ProjectImageSelect/Info.plist;
				INFOPLIST_KEY_UIApplicationSupportsIndirectInputEvents = YES;
				INFOPLIST_KEY_UILaunchStoryboardName = LaunchScreen;
				INFOPLIST_KEY_UIMainStoryboardFile = Main;
				INFOPLIST_KEY_UISupportedInterfaceOrientations_iPad = "UIInterfaceOrientationPortrait UIInterfaceOrientationPortraitUpsideDown UIInterfaceOrientationLandscapeLeft UIInterfaceOrientationLandscapeRight";
				INFOPLIST_KEY_UISupportedInterfaceOrientations_iPhone = "UIInterfaceOrientationPortrait UIInterfaceOrientationLandscapeLeft UIInterfaceOrientationLandscapeRight";
				IPHONEOS_DEPLOYMENT_TARGET = 14.5;
				LD_RUNPATH_SEARCH_PATHS = (
					"$(inherited)",
					"@executable_path/Frameworks",
				);
				MARKETING_VERSION = 1.0;
				PRODUCT_BUNDLE_IDENTIFIER = ProgrammerTeam.ProjectImageSelect;
				PRODUCT_NAME = "$(TARGET_NAME)";
				SWIFT_EMIT_LOC_STRINGS = YES;
				SWIFT_VERSION = 5.0;
				TARGETED_DEVICE_FAMILY = "1,2";
			};
			name = Debug;
		};
		9882EB51286759A100BBEB49 /* Release */ = {
			isa = XCBuildConfiguration;
			buildSettings = {
				ASSETCATALOG_COMPILER_APPICON_NAME = AppIcon;
				ASSETCATALOG_COMPILER_GLOBAL_ACCENT_COLOR_NAME = AccentColor;
				CODE_SIGN_STYLE = Automatic;
				CURRENT_PROJECT_VERSION = 1;
				DEVELOPMENT_TEAM = RUTLL58S2M;
				GENERATE_INFOPLIST_FILE = YES;
				INFOPLIST_FILE = ProjectImageSelect/Info.plist;
				INFOPLIST_KEY_UIApplicationSupportsIndirectInputEvents = YES;
				INFOPLIST_KEY_UILaunchStoryboardName = LaunchScreen;
				INFOPLIST_KEY_UIMainStoryboardFile = Main;
				INFOPLIST_KEY_UISupportedInterfaceOrientations_iPad = "UIInterfaceOrientationPortrait UIInterfaceOrientationPortraitUpsideDown UIInterfaceOrientationLandscapeLeft UIInterfaceOrientationLandscapeRight";
				INFOPLIST_KEY_UISupportedInterfaceOrientations_iPhone = "UIInterfaceOrientationPortrait UIInterfaceOrientationLandscapeLeft UIInterfaceOrientationLandscapeRight";
				IPHONEOS_DEPLOYMENT_TARGET = 14.5;
				LD_RUNPATH_SEARCH_PATHS = (
					"$(inherited)",
					"@executable_path/Frameworks",
				);
				MARKETING_VERSION = 1.0;
				PRODUCT_BUNDLE_IDENTIFIER = ProgrammerTeam.ProjectImageSelect;
				PRODUCT_NAME = "$(TARGET_NAME)";
				SWIFT_EMIT_LOC_STRINGS = YES;
				SWIFT_VERSION = 5.0;
				TARGETED_DEVICE_FAMILY = "1,2";
			};
			name = Release;
		};
		9882EB53286759A100BBEB49 /* Debug */ = {
			isa = XCBuildConfiguration;
			buildSettings = {
				ALWAYS_EMBED_SWIFT_STANDARD_LIBRARIES = YES;
				BUNDLE_LOADER = "$(TEST_HOST)";
				CODE_SIGN_STYLE = Automatic;
				CURRENT_PROJECT_VERSION = 1;
				DEVELOPMENT_TEAM = RUTLL58S2M;
				GENERATE_INFOPLIST_FILE = YES;
				IPHONEOS_DEPLOYMENT_TARGET = 15.5;
				MARKETING_VERSION = 1.0;
				PRODUCT_BUNDLE_IDENTIFIER = ProgrammerTeam.ProjectImageSelectTests;
				PRODUCT_NAME = "$(TARGET_NAME)";
				SWIFT_EMIT_LOC_STRINGS = NO;
				SWIFT_VERSION = 5.0;
				TARGETED_DEVICE_FAMILY = "1,2";
				TEST_HOST = "$(BUILT_PRODUCTS_DIR)/ProjectImageSelect.app/ProjectImageSelect";
			};
			name = Debug;
		};
		9882EB54286759A100BBEB49 /* Release */ = {
			isa = XCBuildConfiguration;
			buildSettings = {
				ALWAYS_EMBED_SWIFT_STANDARD_LIBRARIES = YES;
				BUNDLE_LOADER = "$(TEST_HOST)";
				CODE_SIGN_STYLE = Automatic;
				CURRENT_PROJECT_VERSION = 1;
				DEVELOPMENT_TEAM = RUTLL58S2M;
				GENERATE_INFOPLIST_FILE = YES;
				IPHONEOS_DEPLOYMENT_TARGET = 15.5;
				MARKETING_VERSION = 1.0;
				PRODUCT_BUNDLE_IDENTIFIER = ProgrammerTeam.ProjectImageSelectTests;
				PRODUCT_NAME = "$(TARGET_NAME)";
				SWIFT_EMIT_LOC_STRINGS = NO;
				SWIFT_VERSION = 5.0;
				TARGETED_DEVICE_FAMILY = "1,2";
				TEST_HOST = "$(BUILT_PRODUCTS_DIR)/ProjectImageSelect.app/ProjectImageSelect";
			};
			name = Release;
		};
		9882EB56286759A100BBEB49 /* Debug */ = {
			isa = XCBuildConfiguration;
			buildSettings = {
				ALWAYS_EMBED_SWIFT_STANDARD_LIBRARIES = YES;
				CODE_SIGN_STYLE = Automatic;
				CURRENT_PROJECT_VERSION = 1;
				DEVELOPMENT_TEAM = RUTLL58S2M;
				GENERATE_INFOPLIST_FILE = YES;
				MARKETING_VERSION = 1.0;
				PRODUCT_BUNDLE_IDENTIFIER = ProgrammerTeam.ProjectImageSelectUITests;
				PRODUCT_NAME = "$(TARGET_NAME)";
				SWIFT_EMIT_LOC_STRINGS = NO;
				SWIFT_VERSION = 5.0;
				TARGETED_DEVICE_FAMILY = "1,2";
				TEST_TARGET_NAME = ProjectImageSelect;
			};
			name = Debug;
		};
		9882EB57286759A100BBEB49 /* Release */ = {
			isa = XCBuildConfiguration;
			buildSettings = {
				ALWAYS_EMBED_SWIFT_STANDARD_LIBRARIES = YES;
				CODE_SIGN_STYLE = Automatic;
				CURRENT_PROJECT_VERSION = 1;
				DEVELOPMENT_TEAM = RUTLL58S2M;
				GENERATE_INFOPLIST_FILE = YES;
				MARKETING_VERSION = 1.0;
				PRODUCT_BUNDLE_IDENTIFIER = ProgrammerTeam.ProjectImageSelectUITests;
				PRODUCT_NAME = "$(TARGET_NAME)";
				SWIFT_EMIT_LOC_STRINGS = NO;
				SWIFT_VERSION = 5.0;
				TARGETED_DEVICE_FAMILY = "1,2";
				TEST_TARGET_NAME = ProjectImageSelect;
			};
			name = Release;
		};
/* End XCBuildConfiguration section */

/* Begin XCConfigurationList section */
		9882EB202867598700BBEB49 /* Build configuration list for PBXProject "ProjectImageSelect" */ = {
			isa = XCConfigurationList;
			buildConfigurations = (
				9882EB4D286759A100BBEB49 /* Debug */,
				9882EB4E286759A100BBEB49 /* Release */,
			);
			defaultConfigurationIsVisible = 0;
			defaultConfigurationName = Release;
		};
		9882EB4F286759A100BBEB49 /* Build configuration list for PBXNativeTarget "ProjectImageSelect" */ = {
			isa = XCConfigurationList;
			buildConfigurations = (
				9882EB50286759A100BBEB49 /* Debug */,
				9882EB51286759A100BBEB49 /* Release */,
			);
			defaultConfigurationIsVisible = 0;
			defaultConfigurationName = Release;
		};
		9882EB52286759A100BBEB49 /* Build configuration list for PBXNativeTarget "ProjectImageSelectTests" */ = {
			isa = XCConfigurationList;
			buildConfigurations = (
				9882EB53286759A100BBEB49 /* Debug */,
				9882EB54286759A100BBEB49 /* Release */,
			);
			defaultConfigurationIsVisible = 0;
			defaultConfigurationName = Release;
		};
		9882EB55286759A100BBEB49 /* Build configuration list for PBXNativeTarget "ProjectImageSelectUITests" */ = {
			isa = XCConfigurationList;
			buildConfigurations = (
				9882EB56286759A100BBEB49 /* Debug */,
				9882EB57286759A100BBEB49 /* Release */,
			);
			defaultConfigurationIsVisible = 0;
			defaultConfigurationName = Release;
		};
/* End XCConfigurationList section */
	};
	rootObject = 9882EB1D2867598700BBEB49 /* Project object */;
}
